
Microsoft Visual Studio Solution File, Format Version 12.00
# Visual Studio Version 17
VisualStudioVersion = 17.6.33829.357
MinimumVisualStudioVersion = 10.0.40219.1
Project("{9A19103F-16F7-4668-BE54-9A1E7A4F7556}") = "PhieuSuaChua", "Phieu\PhieuSuaChua.csproj", "{6519D7C5-64A2-48CC-A5AC-EE41EF216939}"
EndProject
Global
	GlobalSection(SolutionConfigurationPlatforms) = preSolution
		Debug|Any CPU = Debug|Any CPU
		Release|Any CPU = Release|Any CPU
	EndGlobalSection
	GlobalSection(ProjectConfigurationPlatforms) = postSolution
		{6519D7C5-64A2-48CC-A5AC-EE41EF216939}.Debug|Any CPU.ActiveCfg = Debug|Any CPU
		{6519D7C5-64A2-48CC-A5AC-EE41EF216939}.Debug|Any CPU.Build.0 = Debug|Any CPU
		{6519D7C5-64A2-48CC-A5AC-EE41EF216939}.Release|Any CPU.ActiveCfg = Release|Any CPU
		{6519D7C5-64A2-48CC-A5AC-EE41EF216939}.Release|Any CPU.Build.0 = Release|Any CPU
	EndGlobalSection
	GlobalSection(SolutionProperties) = preSolution
		HideSolutionNode = FALSE
	EndGlobalSection
	GlobalSection(ExtensibilityGlobals) = postSolution
		SolutionGuid = {C8F2DC7C-C245-4CA9-A23A-243A4EA86583}
	EndGlobalSection
EndGlobal
